
Microsoft Visual Studio Solution File, Format Version 12.00
# Visual Studio Version 17
VisualStudioVersion = 17.14.36401.2
MinimumVisualStudioVersion = 10.0.40219.1
Project("{FAE04EC0-301F-11D3-BF4B-00C04F79EFBC}") = "EGeek.Api", "src\EGeek.Api\EGeek.Api.csproj", "{DD154785-9C55-4AFF-AA10-109F85F6DE49}"
EndProject
Project("{FAE04EC0-301F-11D3-BF4B-00C04F79EFBC}") = "EGeek.Id", "src\EGeek.Id\EGeek.Id.csproj", "{A8299111-D4A6-429A-A1EF-B378142C3D90}"
EndProject
Project("{FAE04EC0-301F-11D3-BF4B-00C04F79EFBC}") = "EGeek.Catalog", "src\EGeek.Catalog\EGeek.Catalog.csproj", "{9DD4E8C5-1F37-433B-BDB6-111CAFBA7498}"
EndProject
Global
	GlobalSection(SolutionConfigurationPlatforms) = preSolution
		Debug|Any CPU = Debug|Any CPU
		Release|Any CPU = Release|Any CPU
	EndGlobalSection
	GlobalSection(ProjectConfigurationPlatforms) = postSolution
		{DD154785-9C55-4AFF-AA10-109F85F6DE49}.Debug|Any CPU.ActiveCfg = Debug|Any CPU
		{DD154785-9C55-4AFF-AA10-109F85F6DE49}.Debug|Any CPU.Build.0 = Debug|Any CPU
		{DD154785-9C55-4AFF-AA10-109F85F6DE49}.Release|Any CPU.ActiveCfg = Release|Any CPU
		{DD154785-9C55-4AFF-AA10-109F85F6DE49}.Release|Any CPU.Build.0 = Release|Any CPU
		{A8299111-D4A6-429A-A1EF-B378142C3D90}.Debug|Any CPU.ActiveCfg = Debug|Any CPU
		{A8299111-D4A6-429A-A1EF-B378142C3D90}.Debug|Any CPU.Build.0 = Debug|Any CPU
		{A8299111-D4A6-429A-A1EF-B378142C3D90}.Release|Any CPU.ActiveCfg = Release|Any CPU
		{A8299111-D4A6-429A-A1EF-B378142C3D90}.Release|Any CPU.Build.0 = Release|Any CPU
		{9DD4E8C5-1F37-433B-BDB6-111CAFBA7498}.Debug|Any CPU.ActiveCfg = Debug|Any CPU
		{9DD4E8C5-1F37-433B-BDB6-111CAFBA7498}.Debug|Any CPU.Build.0 = Debug|Any CPU
		{9DD4E8C5-1F37-433B-BDB6-111CAFBA7498}.Release|Any CPU.ActiveCfg = Release|Any CPU
		{9DD4E8C5-1F37-433B-BDB6-111CAFBA7498}.Release|Any CPU.Build.0 = Release|Any CPU
	EndGlobalSection
	GlobalSection(SolutionProperties) = preSolution
		HideSolutionNode = FALSE
	EndGlobalSection
	GlobalSection(ExtensibilityGlobals) = postSolution
		SolutionGuid = {7E96988F-1FF1-4FFB-8A2D-FADA4CE0210E}
	EndGlobalSection
EndGlobal
